// !$*UTF8*$!
{
	archiveVersion = 1;
	classes = {
	};
	objectVersion = 46;
	objects = {

/* Begin PBXBuildFile section */
		AF3BF12B1AC0DD0E008AA535 /* main.m in Sources */ = {isa = PBXBuildFile; fileRef = AF3BF12A1AC0DD0E008AA535 /* main.m */; };
		AF3BF12E1AC0DD0E008AA535 /* AppDelegate.m in Sources */ = {isa = PBXBuildFile; fileRef = AF3BF12D1AC0DD0E008AA535 /* AppDelegate.m */; };
		AF3BF1311AC0DD0E008AA535 /* ViewController.m in Sources */ = {isa = PBXBuildFile; fileRef = AF3BF1301AC0DD0E008AA535 /* ViewController.m */; };
		AF3BF1341AC0DD0E008AA535 /* Main.storyboard in Resources */ = {isa = PBXBuildFile; fileRef = AF3BF1321AC0DD0E008AA535 /* Main.storyboard */; };
		AF3BF1361AC0DD0E008AA535 /* Images.xcassets in Resources */ = {isa = PBXBuildFile; fileRef = AF3BF1351AC0DD0E008AA535 /* Images.xcassets */; };
		AF3BF1391AC0DD0E008AA535 /* LaunchScreen.xib in Resources */ = {isa = PBXBuildFile; fileRef = AF3BF1371AC0DD0E008AA535 /* LaunchScreen.xib */; };
		AF3BF1451AC0DD0E008AA535 /* MasterDetail_Test2BTests.m in Sources */ = {isa = PBXBuildFile; fileRef = AF3BF1441AC0DD0E008AA535 /* MasterDetail_Test2BTests.m */; };
/* End PBXBuildFile section */

/* Begin PBXContainerItemProxy section */
		AF3BF13F1AC0DD0E008AA535 /* PBXContainerItemProxy */ = {
			isa = PBXContainerItemProxy;
			containerPortal = AF3BF11D1AC0DD0E008AA535 /* Project object */;
			proxyType = 1;
			remoteGlobalIDString = AF3BF1241AC0DD0E008AA535;
			remoteInfo = "MasterDetail Test2B";
		};
/* End PBXContainerItemProxy section */

/* Begin PBXFileReference section */
		AF3BF1251AC0DD0E008AA535 /* MasterDetail Test2B.app */ = {isa = PBXFileReference; explicitFileType = wrapper.application; includeInIndex = 0; path = "MasterDetail Test2B.app"; sourceTree = BUILT_PRODUCTS_DIR; };
		AF3BF1291AC0DD0E008AA535 /* Info.plist */ = {isa = PBXFileReference; lastKnownFileType = text.plist.xml; path = Info.plist; sourceTree = "<group>"; };
		AF3BF12A1AC0DD0E008AA535 /* main.m */ = {isa = PBXFileReference; lastKnownFileType = sourcecode.c.objc; path = main.m; sourceTree = "<group>"; };
		AF3BF12C1AC0DD0E008AA535 /* AppDelegate.h */ = {isa = PBXFileReference; lastKnownFileType = sourcecode.c.h; path = AppDelegate.h; sourceTree = "<group>"; };
		AF3BF12D1AC0DD0E008AA535 /* AppDelegate.m */ = {isa = PBXFileReference; lastKnownFileType = sourcecode.c.objc; path = AppDelegate.m; sourceTree = "<group>"; };
		AF3BF12F1AC0DD0E008AA535 /* ViewController.h */ = {isa = PBXFileReference; lastKnownFileType = sourcecode.c.h; path = ViewController.h; sourceTree = "<group>"; };
		AF3BF1301AC0DD0E008AA535 /* ViewController.m */ = {isa = PBXFileReference; lastKnownFileType = sourcecode.c.objc; path = ViewController.m; sourceTree = "<group>"; };
		AF3BF1331AC0DD0E008AA535 /* Base */ = {isa = PBXFileReference; lastKnownFileType = file.storyboard; name = Base; path = Base.lproj/Main.storyboard; sourceTree = "<group>"; };
		AF3BF1351AC0DD0E008AA535 /* Images.xcassets */ = {isa = PBXFileReference; lastKnownFileType = folder.assetcatalog; path = Images.xcassets; sourceTree = "<group>"; };
		AF3BF1381AC0DD0E008AA535 /* Base */ = {isa = PBXFileReference; lastKnownFileType = file.xib; name = Base; path = Base.lproj/LaunchScreen.xib; sourceTree = "<group>"; };
		AF3BF13E1AC0DD0E008AA535 /* MasterDetail Test2BTests.xctest */ = {isa = PBXFileReference; explicitFileType = wrapper.cfbundle; includeInIndex = 0; path = "MasterDetail Test2BTests.xctest"; sourceTree = BUILT_PRODUCTS_DIR; };
		AF3BF1431AC0DD0E008AA535 /* Info.plist */ = {isa = PBXFileReference; lastKnownFileType = text.plist.xml; path = Info.plist; sourceTree = "<group>"; };
		AF3BF1441AC0DD0E008AA535 /* MasterDetail_Test2BTests.m */ = {isa = PBXFileReference; lastKnownFileType = sourcecode.c.objc; path = MasterDetail_Test2BTests.m; sourceTree = "<group>"; };
/* End PBXFileReference section */

/* Begin PBXFrameworksBuildPhase section */
		AF3BF1221AC0DD0E008AA535 /* Frameworks */ = {
			isa = PBXFrameworksBuildPhase;
			buildActionMask = 2147483647;
			files = (
			);
			runOnlyForDeploymentPostprocessing = 0;
		};
		AF3BF13B1AC0DD0E008AA535 /* Frameworks */ = {
			isa = PBXFrameworksBuildPhase;
			buildActionMask = 2147483647;
			files = (
			);
			runOnlyForDeploymentPostprocessing = 0;
		};
/* End PBXFrameworksBuildPhase section */

/* Begin PBXGroup section */
		AF3BF11C1AC0DD0E008AA535 = {
			isa = PBXGroup;
			children = (
				AF3BF1271AC0DD0E008AA535 /* MasterDetail Test2B */,
				AF3BF1411AC0DD0E008AA535 /* MasterDetail Test2BTests */,
				AF3BF1261AC0DD0E008AA535 /* Products */,
			);
			sourceTree = "<group>";
		};
		AF3BF1261AC0DD0E008AA535 /* Products */ = {
			isa = PBXGroup;
			children = (
				AF3BF1251AC0DD0E008AA535 /* MasterDetail Test2B.app */,
				AF3BF13E1AC0DD0E008AA535 /* MasterDetail Test2BTests.xctest */,
			);
			name = Products;
			sourceTree = "<group>";
		};
		AF3BF1271AC0DD0E008AA535 /* MasterDetail Test2B */ = {
			isa = PBXGroup;
			children = (
				AF3BF12C1AC0DD0E008AA535 /* AppDelegate.h */,
				AF3BF12D1AC0DD0E008AA535 /* AppDelegate.m */,
				AF3BF12F1AC0DD0E008AA535 /* ViewController.h */,
				AF3BF1301AC0DD0E008AA535 /* ViewController.m */,
				AF3BF1321AC0DD0E008AA535 /* Main.storyboard */,
				AF3BF1351AC0DD0E008AA535 /* Images.xcassets */,
				AF3BF1371AC0DD0E008AA535 /* LaunchScreen.xib */,
				AF3BF1281AC0DD0E008AA535 /* Supporting Files */,
			);
			path = "MasterDetail Test2B";
			sourceTree = "<group>";
		};
		AF3BF1281AC0DD0E008AA535 /* Supporting Files */ = {
			isa = PBXGroup;
			children = (
				AF3BF1291AC0DD0E008AA535 /* Info.plist */,
				AF3BF12A1AC0DD0E008AA535 /* main.m */,
			);
			name = "Supporting Files";
			sourceTree = "<group>";
		};
		AF3BF1411AC0DD0E008AA535 /* MasterDetail Test2BTests */ = {
			isa = PBXGroup;
			children = (
				AF3BF1441AC0DD0E008AA535 /* MasterDetail_Test2BTests.m */,
				AF3BF1421AC0DD0E008AA535 /* Supporting Files */,
			);
			path = "MasterDetail Test2BTests";
			sourceTree = "<group>";
		};
		AF3BF1421AC0DD0E008AA535 /* Supporting Files */ = {
			isa = PBXGroup;
			children = (
				AF3BF1431AC0DD0E008AA535 /* Info.plist */,
			);
			name = "Supporting Files";
			sourceTree = "<group>";
		};
/* End PBXGroup section */

/* Begin PBXNativeTarget section */
		AF3BF1241AC0DD0E008AA535 /* MasterDetail Test2B */ = {
			isa = PBXNativeTarget;
			buildConfigurationList = AF3BF1481AC0DD0E008AA535 /* Build configuration list for PBXNativeTarget "MasterDetail Test2B" */;
			buildPhases = (
				AF3BF1211AC0DD0E008AA535 /* Sources */,
				AF3BF1221AC0DD0E008AA535 /* Frameworks */,
				AF3BF1231AC0DD0E008AA535 /* Resources */,
			);
			buildRules = (
			);
			dependencies = (
			);
			name = "MasterDetail Test2B";
			productName = "MasterDetail Test2B";
			productReference = AF3BF1251AC0DD0E008AA535 /* MasterDetail Test2B.app */;
			productType = "com.apple.product-type.application";
		};
		AF3BF13D1AC0DD0E008AA535 /* MasterDetail Test2BTests */ = {
			isa = PBXNativeTarget;
			buildConfigurationList = AF3BF14B1AC0DD0E008AA535 /* Build configuration list for PBXNativeTarget "MasterDetail Test2BTests" */;
			buildPhases = (
				AF3BF13A1AC0DD0E008AA535 /* Sources */,
				AF3BF13B1AC0DD0E008AA535 /* Frameworks */,
				AF3BF13C1AC0DD0E008AA535 /* Resources */,
			);
			buildRules = (
			);
			dependencies = (
				AF3BF1401AC0DD0E008AA535 /* PBXTargetDependency */,
			);
			name = "MasterDetail Test2BTests";
			productName = "MasterDetail Test2BTests";
			productReference = AF3BF13E1AC0DD0E008AA535 /* MasterDetail Test2BTests.xctest */;
			productType = "com.apple.product-type.bundle.unit-test";
		};
/* End PBXNativeTarget section */

/* Begin PBXProject section */
		AF3BF11D1AC0DD0E008AA535 /* Project object */ = {
			isa = PBXProject;
			attributes = {
				LastUpgradeCheck = 0620;
				ORGANIZATIONNAME = "Mario Abruzzi";
				TargetAttributes = {
					AF3BF1241AC0DD0E008AA535 = {
						CreatedOnToolsVersion = 6.2;
					};
					AF3BF13D1AC0DD0E008AA535 = {
						CreatedOnToolsVersion = 6.2;
						TestTargetID = AF3BF1241AC0DD0E008AA535;
					};
				};
			};
			buildConfigurationList = AF3BF1201AC0DD0E008AA535 /* Build configuration list for PBXProject "MasterDetail Test2B" */;
			compatibilityVersion = "Xcode 3.2";
			developmentRegion = English;
			hasScannedForEncodings = 0;
			knownRegions = (
				en,
				Base,
			);
			mainGroup = AF3BF11C1AC0DD0E008AA535;
			productRefGroup = AF3BF1261AC0DD0E008AA535 /* Products */;
			projectDirPath = "";
			projectRoot = "";
			targets = (
				AF3BF1241AC0DD0E008AA535 /* MasterDetail Test2B */,
				AF3BF13D1AC0DD0E008AA535 /* MasterDetail Test2BTests */,
			);
		};
/* End PBXProject section */

/* Begin PBXResourcesBuildPhase section */
		AF3BF1231AC0DD0E008AA535 /* Resources */ = {
			isa = PBXResourcesBuildPhase;
			buildActionMask = 2147483647;
			files = (
				AF3BF1341AC0DD0E008AA535 /* Main.storyboard in Resources */,
				AF3BF1391AC0DD0E008AA535 /* LaunchScreen.xib in Resources */,
				AF3BF1361AC0DD0E008AA535 /* Images.xcassets in Resources */,
			);
			runOnlyForDeploymentPostprocessing = 0;
		};
		AF3BF13C1AC0DD0E008AA535 /* Resources */ = {
			isa = PBXResourcesBuildPhase;
			buildActionMask = 2147483647;
			files = (
			);
			runOnlyForDeploymentPostprocessing = 0;
		};
/* End PBXResourcesBuildPhase section */

/* Begin PBXSourcesBuildPhase section */
		AF3BF1211AC0DD0E008AA535 /* Sources */ = {
			isa = PBXSourcesBuildPhase;
			buildActionMask = 2147483647;
			files = (
				AF3BF1311AC0DD0E008AA535 /* ViewController.m in Sources */,
				AF3BF12E1AC0DD0E008AA535 /* AppDelegate.m in Sources */,
				AF3BF12B1AC0DD0E008AA535 /* main.m in Sources */,
			);
			runOnlyForDeploymentPostprocessing = 0;
		};
		AF3BF13A1AC0DD0E008AA535 /* Sources */ = {
			isa = PBXSourcesBuildPhase;
			buildActionMask = 2147483647;
			files = (
				AF3BF1451AC0DD0E008AA535 /* MasterDetail_Test2BTests.m in Sources */,
			);
			runOnlyForDeploymentPostprocessing = 0;
		};
/* End PBXSourcesBuildPhase section */

/* Begin PBXTargetDependency section */
		AF3BF1401AC0DD0E008AA535 /* PBXTargetDependency */ = {
			isa = PBXTargetDependency;
			target = AF3BF1241AC0DD0E008AA535 /* MasterDetail Test2B */;
			targetProxy = AF3BF13F1AC0DD0E008AA535 /* PBXContainerItemProxy */;
		};
/* End PBXTargetDependency section */

/* Begin PBXVariantGroup section */
		AF3BF1321AC0DD0E008AA535 /* Main.storyboard */ = {
			isa = PBXVariantGroup;
			children = (
				AF3BF1331AC0DD0E008AA535 /* Base */,
			);
			name = Main.storyboard;
			sourceTree = "<group>";
		};
		AF3BF1371AC0DD0E008AA535 /* LaunchScreen.xib */ = {
			isa = PBXVariantGroup;
			children = (
				AF3BF1381AC0DD0E008AA535 /* Base */,
			);
			name = LaunchScreen.xib;
			sourceTree = "<group>";
		};
/* End PBXVariantGroup section */

/* Begin XCBuildConfiguration section */
		AF3BF1461AC0DD0E008AA535 /* Debug */ = {
			isa = XCBuildConfiguration;
			buildSettings = {
				ALWAYS_SEARCH_USER_PATHS = NO;
				CLANG_CXX_LANGUAGE_STANDARD = "gnu++0x";
				CLANG_CXX_LIBRARY = "libc++";
				CLANG_ENABLE_MODULES = YES;
				CLANG_ENABLE_OBJC_ARC = YES;
				CLANG_WARN_BOOL_CONVERSION = YES;
				CLANG_WARN_CONSTANT_CONVERSION = YES;
				CLANG_WARN_DIRECT_OBJC_ISA_USAGE = YES_ERROR;
				CLANG_WARN_EMPTY_BODY = YES;
				CLANG_WARN_ENUM_CONVERSION = YES;
				CLANG_WARN_INT_CONVERSION = YES;
				CLANG_WARN_OBJC_ROOT_CLASS = YES_ERROR;
				CLANG_WARN_UNREACHABLE_CODE = YES;
				CLANG_WARN__DUPLICATE_METHOD_MATCH = YES;
				"CODE_SIGN_IDENTITY[sdk=iphoneos*]" = "iPhone Developer";
				COPY_PHASE_STRIP = NO;
				ENABLE_STRICT_OBJC_MSGSEND = YES;
				GCC_C_LANGUAGE_STANDARD = gnu99;
				GCC_DYNAMIC_NO_PIC = NO;
				GCC_OPTIMIZATION_LEVEL = 0;
				GCC_PREPROCESSOR_DEFINITIONS = (
					"DEBUG=1",
					"$(inherited)",
				);
				GCC_SYMBOLS_PRIVATE_EXTERN = NO;
				GCC_WARN_64_TO_32_BIT_CONVERSION = YES;
				GCC_WARN_ABOUT_RETURN_TYPE = YES_ERROR;
				GCC_WARN_UNDECLARED_SELECTOR = YES;
				GCC_WARN_UNINITIALIZED_AUTOS = YES_AGGRESSIVE;
				GCC_WARN_UNUSED_FUNCTION = YES;
				GCC_WARN_UNUSED_VARIABLE = YES;
				IPHONEOS_DEPLOYMENT_TARGET = 8.2;
				MTL_ENABLE_DEBUG_INFO = YES;
				ONLY_ACTIVE_ARCH = YES;
				SDKROOT = iphoneos;
				TARGETED_DEVICE_FAMILY = "1,2";
			};
			name = Debug;
		};
		AF3BF1471AC0DD0E008AA535 /* Release */ = {
			isa = XCBuildConfiguration;
			buildSettings = {
				ALWAYS_SEARCH_USER_PATHS = NO;
				CLANG_CXX_LANGUAGE_STANDARD = "gnu++0x";
				CLANG_CXX_LIBRARY = "libc++";
				CLANG_ENABLE_MODULES = YES;
				CLANG_ENABLE_OBJC_ARC = YES;
				CLANG_WARN_BOOL_CONVERSION = YES;
				CLANG_WARN_CONSTANT_CONVERSION = YES;
				CLANG_WARN_DIRECT_OBJC_ISA_USAGE = YES_ERROR;
				CLANG_WARN_EMPTY_BODY = YES;
				CLANG_WARN_ENUM_CONVERSION = YES;
				CLANG_WARN_INT_CONVERSION = YES;
				CLANG_WARN_OBJC_ROOT_CLASS = YES_ERROR;
				CLANG_WARN_UNREACHABLE_CODE = YES;
				CLANG_WARN__DUPLICATE_METHOD_MATCH = YES;
				"CODE_SIGN_IDENTITY[sdk=iphoneos*]" = "iPhone Developer";
				COPY_PHASE_STRIP = NO;
				ENABLE_NS_ASSERTIONS = NO;
				ENABLE_STRICT_OBJC_MSGSEND = YES;
				GCC_C_LANGUAGE_STANDARD = gnu99;
				GCC_WARN_64_TO_32_BIT_CONVERSION = YES;
				GCC_WARN_ABOUT_RETURN_TYPE = YES_ERROR;
				GCC_WARN_UNDECLARED_SELECTOR = YES;
				GCC_WARN_UNINITIALIZED_AUTOS = YES_AGGRESSIVE;
				GCC_WARN_UNUSED_FUNCTION = YES;
				GCC_WARN_UNUSED_VARIABLE = YES;
				IPHONEOS_DEPLOYMENT_TARGET = 8.2;
				MTL_ENABLE_DEBUG_INFO = NO;
				SDKROOT = iphoneos;
				TARGETED_DEVICE_FAMILY = "1,2";
				VALIDATE_PRODUCT = YES;
			};
			name = Release;
		};
		AF3BF1491AC0DD0E008AA535 /* Debug */ = {
			isa = XCBuildConfiguration;
			buildSettings = {
				ASSETCATALOG_COMPILER_APPICON_NAME = AppIcon;
				INFOPLIST_FILE = "MasterDetail Test2B/Info.plist";
				LD_RUNPATH_SEARCH_PATHS = "$(inherited) @executable_path/Frameworks";
				PRODUCT_NAME = "$(TARGET_NAME)";
			};
			name = Debug;
		};
		AF3BF14A1AC0DD0E008AA535 /* Release */ = {
			isa = XCBuildConfiguration;
			buildSettings = {
				ASSETCATALOG_COMPILER_APPICON_NAME = AppIcon;
				INFOPLIST_FILE = "MasterDetail Test2B/Info.plist";
				LD_RUNPATH_SEARCH_PATHS = "$(inherited) @executable_path/Frameworks";
				PRODUCT_NAME = "$(TARGET_NAME)";
			};
			name = Release;
		};
		AF3BF14C1AC0DD0E008AA535 /* Debug */ = {
			isa = XCBuildConfiguration;
			buildSettings = {
				BUNDLE_LOADER = "$(TEST_HOST)";
				FRAMEWORK_SEARCH_PATHS = (
					"$(SDKROOT)/Developer/Library/Frameworks",
					"$(inherited)",
				);
				GCC_PREPROCESSOR_DEFINITIONS = (
					"DEBUG=1",
					"$(inherited)",
				);
				INFOPLIST_FILE = "MasterDetail Test2BTests/Info.plist";
				LD_RUNPATH_SEARCH_PATHS = "$(inherited) @executable_path/Frameworks @loader_path/Frameworks";
				PRODUCT_NAME = "$(TARGET_NAME)";
				TEST_HOST = "$(BUILT_PRODUCTS_DIR)/MasterDetail Test2B.app/MasterDetail Test2B";
			};
			name = Debug;
		};
		AF3BF14D1AC0DD0E008AA535 /* Release */ = {
			isa = XCBuildConfiguration;
			buildSettings = {
				BUNDLE_LOADER = "$(TEST_HOST)";
				FRAMEWORK_SEARCH_PATHS = (
					"$(SDKROOT)/Developer/Library/Frameworks",
					"$(inherited)",
				);
				INFOPLIST_FILE = "MasterDetail Test2BTests/Info.plist";
				LD_RUNPATH_SEARCH_PATHS = "$(inherited) @executable_path/Frameworks @loader_path/Frameworks";
				PRODUCT_NAME = "$(TARGET_NAME)";
				TEST_HOST = "$(BUILT_PRODUCTS_DIR)/MasterDetail Test2B.app/MasterDetail Test2B";
			};
			name = Release;
		};
/* End XCBuildConfiguration section */

/* Begin XCConfigurationList section */
		AF3BF1201AC0DD0E008AA535 /* Build configuration list for PBXProject "MasterDetail Test2B" */ = {
			isa = XCConfigurationList;
			buildConfigurations = (
				AF3BF1461AC0DD0E008AA535 /* Debug */,
				AF3BF1471AC0DD0E008AA535 /* Release */,
			);
			defaultConfigurationIsVisible = 0;
			defaultConfigurationName = Release;
		};
		AF3BF1481AC0DD0E008AA535 /* Build configuration list for PBXNativeTarget "MasterDetail Test2B" */ = {
			isa = XCConfigurationList;
			buildConfigurations = (
				AF3BF1491AC0DD0E008AA535 /* Debug */,
				AF3BF14A1AC0DD0E008AA535 /* Release */,
			);
			defaultConfigurationIsVisible = 0;
		};
		AF3BF14B1AC0DD0E008AA535 /* Build configuration list for PBXNativeTarget "MasterDetail Test2BTests" */ = {
			isa = XCConfigurationList;
			buildConfigurations = (
				AF3BF14C1AC0DD0E008AA535 /* Debug */,
				AF3BF14D1AC0DD0E008AA535 /* Release */,
			);
			defaultConfigurationIsVisible = 0;
		};
/* End XCConfigurationList section */
	};
	rootObject = AF3BF11D1AC0DD0E008AA535 /* Project object */;
}
